
Microsoft Visual Studio Solution File, Format Version 12.00
# Visual Studio 15
VisualStudioVersion = 15.0.28307.329
MinimumVisualStudioVersion = 10.0.40219.1
Project("{2150E333-8FDC-42A3-9474-1A3956D46DE8}") = "Solution Items", "Solution Items", "{D880E4E2-085F-4C54-AC93-FB4B73155B11}"
	ProjectSection(SolutionItems) = preProject
		.editorconfig = .editorconfig
		.gitignore = .gitignore
		GlobalSuppressions.cs = GlobalSuppressions.cs
		ReadMe.md = ReadMe.md
		Solution.props = Solution.props
		MyStore.ruleset = MyStore.ruleset
	EndProjectSection
EndProject
Project("{2150E333-8FDC-42A3-9474-1A3956D46DE8}") = "Tests", "Tests", "{A387770C-C1E3-475F-8CCE-FFDDD71BEF8C}"
EndProject
Project("{FAE04EC0-301F-11D3-BF4B-00C04F79EFBC}") = "MyStore.Tests.Unit", "MyStore.Tests.Unit\MyStore.Tests.Unit.csproj", "{3DB60FB2-5A77-4A74-BBCB-3DCEB1444140}"
EndProject
Project("{FAE04EC0-301F-11D3-BF4B-00C04F79EFBC}") = "MyStore.Common", "MyStore.Common\MyStore.Common.csproj", "{548395DF-14DF-48C2-82FF-0055C18EDFC9}"
EndProject
Project("{FAE04EC0-301F-11D3-BF4B-00C04F79EFBC}") = "MyStore.Domain", "MyStore.Domain\MyStore.Domain.csproj", "{50A0788B-4B78-4DA9-B8E0-60CC233B85EE}"
EndProject
Project("{FAE04EC0-301F-11D3-BF4B-00C04F79EFBC}") = "MyStore.Services", "MyStore.Services\MyStore.Services.csproj", "{706E3B30-5837-447E-B3E5-C5D68EED4366}"
EndProject
Project("{FAE04EC0-301F-11D3-BF4B-00C04F79EFBC}") = "MyStore.Web", "Store.Web\MyStore.Web.csproj", "{A6D076F6-3DFA-4E1C-95FB-F4401A799C4D}"
EndProject
Global
	GlobalSection(SolutionConfigurationPlatforms) = preSolution
		Debug|Any CPU = Debug|Any CPU
		Release|Any CPU = Release|Any CPU
	EndGlobalSection
	GlobalSection(ProjectConfigurationPlatforms) = postSolution
		{3DB60FB2-5A77-4A74-BBCB-3DCEB1444140}.Debug|Any CPU.ActiveCfg = Debug|Any CPU
		{3DB60FB2-5A77-4A74-BBCB-3DCEB1444140}.Debug|Any CPU.Build.0 = Debug|Any CPU
		{3DB60FB2-5A77-4A74-BBCB-3DCEB1444140}.Release|Any CPU.ActiveCfg = Release|Any CPU
		{3DB60FB2-5A77-4A74-BBCB-3DCEB1444140}.Release|Any CPU.Build.0 = Release|Any CPU
		{548395DF-14DF-48C2-82FF-0055C18EDFC9}.Debug|Any CPU.ActiveCfg = Debug|Any CPU
		{548395DF-14DF-48C2-82FF-0055C18EDFC9}.Debug|Any CPU.Build.0 = Debug|Any CPU
		{548395DF-14DF-48C2-82FF-0055C18EDFC9}.Release|Any CPU.ActiveCfg = Release|Any CPU
		{548395DF-14DF-48C2-82FF-0055C18EDFC9}.Release|Any CPU.Build.0 = Release|Any CPU
		{50A0788B-4B78-4DA9-B8E0-60CC233B85EE}.Debug|Any CPU.ActiveCfg = Debug|Any CPU
		{50A0788B-4B78-4DA9-B8E0-60CC233B85EE}.Debug|Any CPU.Build.0 = Debug|Any CPU
		{50A0788B-4B78-4DA9-B8E0-60CC233B85EE}.Release|Any CPU.ActiveCfg = Release|Any CPU
		{50A0788B-4B78-4DA9-B8E0-60CC233B85EE}.Release|Any CPU.Build.0 = Release|Any CPU
		{706E3B30-5837-447E-B3E5-C5D68EED4366}.Debug|Any CPU.ActiveCfg = Debug|Any CPU
		{706E3B30-5837-447E-B3E5-C5D68EED4366}.Debug|Any CPU.Build.0 = Debug|Any CPU
		{706E3B30-5837-447E-B3E5-C5D68EED4366}.Release|Any CPU.ActiveCfg = Release|Any CPU
		{706E3B30-5837-447E-B3E5-C5D68EED4366}.Release|Any CPU.Build.0 = Release|Any CPU
		{A6D076F6-3DFA-4E1C-95FB-F4401A799C4D}.Debug|Any CPU.ActiveCfg = Debug|Any CPU
		{A6D076F6-3DFA-4E1C-95FB-F4401A799C4D}.Debug|Any CPU.Build.0 = Debug|Any CPU
		{A6D076F6-3DFA-4E1C-95FB-F4401A799C4D}.Release|Any CPU.ActiveCfg = Release|Any CPU
		{A6D076F6-3DFA-4E1C-95FB-F4401A799C4D}.Release|Any CPU.Build.0 = Release|Any CPU
	EndGlobalSection
	GlobalSection(SolutionProperties) = preSolution
		HideSolutionNode = FALSE
	EndGlobalSection
	GlobalSection(NestedProjects) = preSolution
		{3DB60FB2-5A77-4A74-BBCB-3DCEB1444140} = {A387770C-C1E3-475F-8CCE-FFDDD71BEF8C}
	EndGlobalSection
	GlobalSection(ExtensibilityGlobals) = postSolution
		SolutionGuid = {6B85CA2A-EB52-43D1-94F5-EDFF3B06C04D}
	EndGlobalSection
EndGlobal
