
Microsoft Visual Studio Solution File, Format Version 12.00
# Visual Studio 15
VisualStudioVersion = 15.0.28307.329
MinimumVisualStudioVersion = 10.0.40219.1
Project("{2150E333-8FDC-42A3-9474-1A3956D46DE8}") = "Solution Items", "Solution Items", "{D880E4E2-085F-4C54-AC93-FB4B73155B11}"
	ProjectSection(SolutionItems) = preProject
		.editorconfig = .editorconfig
		.gitignore = .gitignore
		GlobalSuppressions.cs = GlobalSuppressions.cs
		ReadMe.md = ReadMe.md
		Solution.props = Solution.props
		MyStore.ruleset = MyStore.ruleset
	EndProjectSection
EndProject
Project("{2150E333-8FDC-42A3-9474-1A3956D46DE8}") = "Tests", "Tests", "{A387770C-C1E3-475F-8CCE-FFDDD71BEF8C}"
EndProject
Project("{FAE04EC0-301F-11D3-BF4B-00C04F79EFBC}") = "MyStore.Common", "MyStore.Common\MyStore.Common.csproj", "{1C3B8990-E557-4E60-B904-8E7377C2325A}"
EndProject
Project("{FAE04EC0-301F-11D3-BF4B-00C04F79EFBC}") = "MyStore.Domain", "MyStore.Domain\MyStore.Domain.csproj", "{7F9A7E3B-4837-4C6C-A1C7-F59B1ECA1F01}"
EndProject
Project("{FAE04EC0-301F-11D3-BF4B-00C04F79EFBC}") = "MyStore.Services", "MyStore.Services\MyStore.Services.csproj", "{BF17B534-07F6-4B90-8BB5-EFC813138810}"
EndProject
Project("{FAE04EC0-301F-11D3-BF4B-00C04F79EFBC}") = "MyStore.Tests.Unit", "MyStore.Tests.Unit\MyStore.Tests.Unit.csproj", "{60EC9E36-5FB2-49DC-850E-13144C8EF1C2}"
EndProject
Project("{FAE04EC0-301F-11D3-BF4B-00C04F79EFBC}") = "MyStore.Web", "MyStore.Web\MyStore.Web.csproj", "{BE292F76-62D4-4F77-8D81-432F699EE0B4}"
EndProject
Global
	GlobalSection(SolutionConfigurationPlatforms) = preSolution
		Debug|Any CPU = Debug|Any CPU
		Release|Any CPU = Release|Any CPU
	EndGlobalSection
	GlobalSection(ProjectConfigurationPlatforms) = postSolution
		{1C3B8990-E557-4E60-B904-8E7377C2325A}.Debug|Any CPU.ActiveCfg = Debug|Any CPU
		{1C3B8990-E557-4E60-B904-8E7377C2325A}.Debug|Any CPU.Build.0 = Debug|Any CPU
		{1C3B8990-E557-4E60-B904-8E7377C2325A}.Release|Any CPU.ActiveCfg = Release|Any CPU
		{1C3B8990-E557-4E60-B904-8E7377C2325A}.Release|Any CPU.Build.0 = Release|Any CPU
		{7F9A7E3B-4837-4C6C-A1C7-F59B1ECA1F01}.Debug|Any CPU.ActiveCfg = Debug|Any CPU
		{7F9A7E3B-4837-4C6C-A1C7-F59B1ECA1F01}.Debug|Any CPU.Build.0 = Debug|Any CPU
		{7F9A7E3B-4837-4C6C-A1C7-F59B1ECA1F01}.Release|Any CPU.ActiveCfg = Release|Any CPU
		{7F9A7E3B-4837-4C6C-A1C7-F59B1ECA1F01}.Release|Any CPU.Build.0 = Release|Any CPU
		{BF17B534-07F6-4B90-8BB5-EFC813138810}.Debug|Any CPU.ActiveCfg = Debug|Any CPU
		{BF17B534-07F6-4B90-8BB5-EFC813138810}.Debug|Any CPU.Build.0 = Debug|Any CPU
		{BF17B534-07F6-4B90-8BB5-EFC813138810}.Release|Any CPU.ActiveCfg = Release|Any CPU
		{BF17B534-07F6-4B90-8BB5-EFC813138810}.Release|Any CPU.Build.0 = Release|Any CPU
		{60EC9E36-5FB2-49DC-850E-13144C8EF1C2}.Debug|Any CPU.ActiveCfg = Debug|Any CPU
		{60EC9E36-5FB2-49DC-850E-13144C8EF1C2}.Debug|Any CPU.Build.0 = Debug|Any CPU
		{60EC9E36-5FB2-49DC-850E-13144C8EF1C2}.Release|Any CPU.ActiveCfg = Release|Any CPU
		{60EC9E36-5FB2-49DC-850E-13144C8EF1C2}.Release|Any CPU.Build.0 = Release|Any CPU
		{BE292F76-62D4-4F77-8D81-432F699EE0B4}.Debug|Any CPU.ActiveCfg = Debug|Any CPU
		{BE292F76-62D4-4F77-8D81-432F699EE0B4}.Debug|Any CPU.Build.0 = Debug|Any CPU
		{BE292F76-62D4-4F77-8D81-432F699EE0B4}.Release|Any CPU.ActiveCfg = Release|Any CPU
		{BE292F76-62D4-4F77-8D81-432F699EE0B4}.Release|Any CPU.Build.0 = Release|Any CPU
	EndGlobalSection
	GlobalSection(SolutionProperties) = preSolution
		HideSolutionNode = FALSE
	EndGlobalSection
	GlobalSection(NestedProjects) = preSolution
		{60EC9E36-5FB2-49DC-850E-13144C8EF1C2} = {A387770C-C1E3-475F-8CCE-FFDDD71BEF8C}
	EndGlobalSection
	GlobalSection(ExtensibilityGlobals) = postSolution
		SolutionGuid = {6B85CA2A-EB52-43D1-94F5-EDFF3B06C04D}
	EndGlobalSection
EndGlobal
